<?xml version="1.0" encoding="utf-8"?>
<Project ToolsVersion="4.0" xmlns="http://schemas.microsoft.com/developer/msbuild/2003">
  <ItemGroup>
    <Filter Include="源文件">
      <UniqueIdentifier>{4FC737F1-C7A5-4376-A066-2A32D752A2FF}</UniqueIdentifier>
      <Extensions>cpp;c;cc;cxx;def;odl;idl;hpj;bat;asm;asmx</Extensions>
    </Filter>
    <Filter Include="头文件">
      <UniqueIdentifier>{93995380-89BD-4b04-88EB-625FBE52EBFB}</UniqueIdentifier>
      <Extensions>h;hh;hpp;hxx;hm;inl;inc;xsd</Extensions>
    </Filter>
    <Filter Include="资源文件">
      <UniqueIdentifier>{67DA6AB6-F800-4c08-8B7A-83BB121AAD01}</UniqueIdentifier>
      <Extensions>rc;ico;cur;bmp;dlg;rc2;rct;bin;rgs;gif;jpg;jpeg;jpe;resx;tiff;tif;png;wav;mfcribbon-ms</Extensions>
    </Filter>
  </ItemGroup>
  <ItemGroup>
    <Text Include="ReadMe.txt" />
  </ItemGroup>
  <ItemGroup>
    <ClInclude Include="hr.h">
      <Filter>头文件</Filter>
    </ClInclude>
    <ClInclude Include="hrDlg.h">
      <Filter>头文件</Filter>
    </ClInclude>
    <ClInclude Include="stdafx.h">
      <Filter>头文件</Filter>
    </ClInclude>
    <ClInclude Include="targetver.h">
      <Filter>头文件</Filter>
    </ClInclude>
    <ClInclude Include="Resource.h">
      <Filter>头文件</Filter>
    </ClInclude>
    <ClInclude Include="Change_Password.h">
      <Filter>头文件</Filter>
    </ClInclude>
    <ClInclude Include="Registration_Successful.h">
      <Filter>头文件</Filter>
    </ClInclude>
    <ClInclude Include="Manager.h">
      <Filter>头文件</Filter>
    </ClInclude>
    <ClInclude Include="Register.h">
      <Filter>头文件</Filter>
    </ClInclude>
    <ClInclude Include="Staff.h">
      <Filter>头文件</Filter>
    </ClInclude>
    <ClInclude Include="Ceo.h">
      <Filter>头文件</Filter>
    </ClInclude>
    <ClInclude Include="SuperManager.h">
      <Filter>头文件</Filter>
    </ClInclude>
    <ClInclude Include="CeoSM_Inquire.h">
      <Filter>头文件</Filter>
    </ClInclude>
    <ClInclude Include="UseDatabase.h">
      <Filter>头文件</Filter>
    </ClInclude>
    <ClInclude Include="UserAccountInfo.h">
      <Filter>头文件</Filter>
    </ClInclude>
    <ClInclude Include="UserInformation.h">
      <Filter>头文件</Filter>
    </ClInclude>
    <ClInclude Include="PersonalInfo.h">
      <Filter>头文件</Filter>
    </ClInclude>
    <ClInclude Include="SDepartInfo.h">
      <Filter>头文件</Filter>
    </ClInclude>
    <ClInclude Include="AccountServer.h">
      <Filter>头文件</Filter>
    </ClInclude>
  </ItemGroup>
  <ItemGroup>
    <ClCompile Include="hr.cpp">
      <Filter>源文件</Filter>
    </ClCompile>
    <ClCompile Include="hrDlg.cpp">
      <Filter>源文件</Filter>
    </ClCompile>
    <ClCompile Include="stdafx.cpp">
      <Filter>源文件</Filter>
    </ClCompile>
    <ClCompile Include="Change_Password.cpp">
      <Filter>源文件</Filter>
    </ClCompile>
    <ClCompile Include="Registration_Successful.cpp">
      <Filter>源文件</Filter>
    </ClCompile>
    <ClCompile Include="Manager.cpp">
      <Filter>源文件</Filter>
    </ClCompile>
    <ClCompile Include="Register.cpp">
      <Filter>源文件</Filter>
    </ClCompile>
    <ClCompile Include="Staff.cpp">
      <Filter>源文件</Filter>
    </ClCompile>
    <ClCompile Include="Ceo.cpp">
      <Filter>源文件</Filter>
    </ClCompile>
    <ClCompile Include="SuperManager.cpp">
      <Filter>源文件</Filter>
    </ClCompile>
    <ClCompile Include="CeoSM_Inquire.cpp">
      <Filter>源文件</Filter>
    </ClCompile>
    <ClCompile Include="UseDatabase.cpp">
      <Filter>源文件</Filter>
    </ClCompile>
    <ClCompile Include="UserAccountInfo.cpp">
      <Filter>源文件</Filter>
    </ClCompile>
    <ClCompile Include="UserInformation.cpp">
      <Filter>源文件</Filter>
    </ClCompile>
    <ClCompile Include="PersonalInfo.cpp">
      <Filter>源文件</Filter>
    </ClCompile>
    <ClCompile Include="SDepartInfo.cpp">
      <Filter>源文件</Filter>
    </ClCompile>
    <ClCompile Include="AccountServer.cpp">
      <Filter>源文件</Filter>
    </ClCompile>
  </ItemGroup>
  <ItemGroup>
    <ResourceCompile Include="hr.rc">
      <Filter>资源文件</Filter>
    </ResourceCompile>
  </ItemGroup>
  <ItemGroup>
    <None Include="res\hr.rc2">
      <Filter>资源文件</Filter>
    </None>
    <None Include="ClassDiagram.cd" />
    <None Include="ClassDiagram1.cd" />
  </ItemGroup>
  <ItemGroup>
    <Image Include="res\hr.ico">
      <Filter>资源文件</Filter>
    </Image>
    <Image Include="C:\Users\a9521\Desktop\bitmap\2.bmp">
      <Filter>资源文件</Filter>
    </Image>
    <Image Include="C:\Users\a9521\Desktop\bitmap\马里奥兄弟 1920x1080.bmp">
      <Filter>资源文件</Filter>
    </Image>
    <Image Include="C:\Users\a9521\Desktop\bitmap\IMG_0062.bmp">
      <Filter>资源文件</Filter>
    </Image>
    <Image Include="C:\Users\a9521\Desktop\bitmap\1277440909.bmp">
      <Filter>资源文件</Filter>
    </Image>
    <Image Include="C:\Users\a9521\Desktop\bitmap\6.bmp">
      <Filter>资源文件</Filter>
    </Image>
    <Image Include="C:\Users\a9521\Desktop\bitmap\2120554454.bmp">
      <Filter>资源文件</Filter>
    </Image>
    <Image Include="C:\Users\a9521\Desktop\bitmap\IMG_0058.bmp">
      <Filter>资源文件</Filter>
    </Image>
  </ItemGroup>
</Project>